
Microsoft Visual Studio Solution File, Format Version 12.00
# Visual Studio Version 16
VisualStudioVersion = 16.0.30907.101
MinimumVisualStudioVersion = 10.0.40219.1
Project("{FAE04EC0-301F-11D3-BF4B-00C04F79EFBC}") = "lesson2", "lesson2\lesson2.csproj", "{7C5ADBDD-7D3B-452E-837A-59F7D435A8FE}"
EndProject
Global
	GlobalSection(SolutionConfigurationPlatforms) = preSolution
		Debug|Any CPU = Debug|Any CPU
		Release|Any CPU = Release|Any CPU
	EndGlobalSection
	GlobalSection(ProjectConfigurationPlatforms) = postSolution
		{7C5ADBDD-7D3B-452E-837A-59F7D435A8FE}.Debug|Any CPU.ActiveCfg = Debug|Any CPU
		{7C5ADBDD-7D3B-452E-837A-59F7D435A8FE}.Debug|Any CPU.Build.0 = Debug|Any CPU
		{7C5ADBDD-7D3B-452E-837A-59F7D435A8FE}.Release|Any CPU.ActiveCfg = Release|Any CPU
		{7C5ADBDD-7D3B-452E-837A-59F7D435A8FE}.Release|Any CPU.Build.0 = Release|Any CPU
	EndGlobalSection
	GlobalSection(SolutionProperties) = preSolution
		HideSolutionNode = FALSE
	EndGlobalSection
	GlobalSection(ExtensibilityGlobals) = postSolution
		SolutionGuid = {A50383DA-72DE-4825-B8B0-4FDA62D2C1F4}
	EndGlobalSection
EndGlobal
