
Microsoft Visual Studio Solution File, Format Version 12.00
# Visual Studio Version 16
VisualStudioVersion = 16.0.30907.101
MinimumVisualStudioVersion = 10.0.40219.1
Project("{FAE04EC0-301F-11D3-BF4B-00C04F79EFBC}") = "lesson2", "lesson2\lesson2.csproj", "{9AF1097F-616C-4A66-8C54-4B5A57B18B53}"
EndProject
Global
	GlobalSection(SolutionConfigurationPlatforms) = preSolution
		Debug|Any CPU = Debug|Any CPU
		Release|Any CPU = Release|Any CPU
	EndGlobalSection
	GlobalSection(ProjectConfigurationPlatforms) = postSolution
		{9AF1097F-616C-4A66-8C54-4B5A57B18B53}.Debug|Any CPU.ActiveCfg = Debug|Any CPU
		{9AF1097F-616C-4A66-8C54-4B5A57B18B53}.Debug|Any CPU.Build.0 = Debug|Any CPU
		{9AF1097F-616C-4A66-8C54-4B5A57B18B53}.Release|Any CPU.ActiveCfg = Release|Any CPU
		{9AF1097F-616C-4A66-8C54-4B5A57B18B53}.Release|Any CPU.Build.0 = Release|Any CPU
	EndGlobalSection
	GlobalSection(SolutionProperties) = preSolution
		HideSolutionNode = FALSE
	EndGlobalSection
	GlobalSection(ExtensibilityGlobals) = postSolution
		SolutionGuid = {3D026F6A-CC1C-4EDE-9BDB-D40E5669A455}
	EndGlobalSection
EndGlobal
