
Microsoft Visual Studio Solution File, Format Version 12.00
# Visual Studio Version 16
VisualStudioVersion = 16.0.30907.101
MinimumVisualStudioVersion = 10.0.40219.1
Project("{FAE04EC0-301F-11D3-BF4B-00C04F79EFBC}") = "lesson1", "lesson1\lesson1.csproj", "{BC0CE9B8-AE6E-4506-98B1-A8F486B14C66}"
EndProject
Global
	GlobalSection(SolutionConfigurationPlatforms) = preSolution
		Debug|Any CPU = Debug|Any CPU
		Release|Any CPU = Release|Any CPU
	EndGlobalSection
	GlobalSection(ProjectConfigurationPlatforms) = postSolution
		{BC0CE9B8-AE6E-4506-98B1-A8F486B14C66}.Debug|Any CPU.ActiveCfg = Debug|Any CPU
		{BC0CE9B8-AE6E-4506-98B1-A8F486B14C66}.Debug|Any CPU.Build.0 = Debug|Any CPU
		{BC0CE9B8-AE6E-4506-98B1-A8F486B14C66}.Release|Any CPU.ActiveCfg = Release|Any CPU
		{BC0CE9B8-AE6E-4506-98B1-A8F486B14C66}.Release|Any CPU.Build.0 = Release|Any CPU
	EndGlobalSection
	GlobalSection(SolutionProperties) = preSolution
		HideSolutionNode = FALSE
	EndGlobalSection
	GlobalSection(ExtensibilityGlobals) = postSolution
		SolutionGuid = {06F65DC2-B480-4A0F-A947-7F681D30BF1A}
	EndGlobalSection
EndGlobal
