
Microsoft Visual Studio Solution File, Format Version 12.00
# Visual Studio Version 16
VisualStudioVersion = 16.0.30907.101
MinimumVisualStudioVersion = 10.0.40219.1
Project("{FAE04EC0-301F-11D3-BF4B-00C04F79EFBC}") = "lesson4", "lesson4\lesson4.csproj", "{2E779344-EC7A-43C3-99ED-F5E4C9F60CFB}"
EndProject
Global
	GlobalSection(SolutionConfigurationPlatforms) = preSolution
		Debug|Any CPU = Debug|Any CPU
		Release|Any CPU = Release|Any CPU
	EndGlobalSection
	GlobalSection(ProjectConfigurationPlatforms) = postSolution
		{2E779344-EC7A-43C3-99ED-F5E4C9F60CFB}.Debug|Any CPU.ActiveCfg = Debug|Any CPU
		{2E779344-EC7A-43C3-99ED-F5E4C9F60CFB}.Debug|Any CPU.Build.0 = Debug|Any CPU
		{2E779344-EC7A-43C3-99ED-F5E4C9F60CFB}.Release|Any CPU.ActiveCfg = Release|Any CPU
		{2E779344-EC7A-43C3-99ED-F5E4C9F60CFB}.Release|Any CPU.Build.0 = Release|Any CPU
	EndGlobalSection
	GlobalSection(SolutionProperties) = preSolution
		HideSolutionNode = FALSE
	EndGlobalSection
	GlobalSection(ExtensibilityGlobals) = postSolution
		SolutionGuid = {73F229B1-B31F-4971-A2B1-DBE845DFF992}
	EndGlobalSection
EndGlobal
