
Microsoft Visual Studio Solution File, Format Version 12.00
# Visual Studio Version 16
VisualStudioVersion = 16.0.30907.101
MinimumVisualStudioVersion = 10.0.40219.1
Project("{FAE04EC0-301F-11D3-BF4B-00C04F79EFBC}") = "lesson4_2", "lesson4_2\lesson4_2.csproj", "{B5D58BCF-BA66-497D-B5BE-25663F22A9B6}"
EndProject
Global
	GlobalSection(SolutionConfigurationPlatforms) = preSolution
		Debug|Any CPU = Debug|Any CPU
		Release|Any CPU = Release|Any CPU
	EndGlobalSection
	GlobalSection(ProjectConfigurationPlatforms) = postSolution
		{B5D58BCF-BA66-497D-B5BE-25663F22A9B6}.Debug|Any CPU.ActiveCfg = Debug|Any CPU
		{B5D58BCF-BA66-497D-B5BE-25663F22A9B6}.Debug|Any CPU.Build.0 = Debug|Any CPU
		{B5D58BCF-BA66-497D-B5BE-25663F22A9B6}.Release|Any CPU.ActiveCfg = Release|Any CPU
		{B5D58BCF-BA66-497D-B5BE-25663F22A9B6}.Release|Any CPU.Build.0 = Release|Any CPU
	EndGlobalSection
	GlobalSection(SolutionProperties) = preSolution
		HideSolutionNode = FALSE
	EndGlobalSection
	GlobalSection(ExtensibilityGlobals) = postSolution
		SolutionGuid = {403C2549-6651-4E11-9F8D-005082BF48D5}
	EndGlobalSection
EndGlobal
