
Microsoft Visual Studio Solution File, Format Version 12.00
# Visual Studio Version 16
VisualStudioVersion = 16.0.30907.101
MinimumVisualStudioVersion = 10.0.40219.1
Project("{FAE04EC0-301F-11D3-BF4B-00C04F79EFBC}") = "lesson4", "lesson4\lesson4.csproj", "{3F9FD60D-5541-401C-BC62-C3A0DC8E6249}"
EndProject
Global
	GlobalSection(SolutionConfigurationPlatforms) = preSolution
		Debug|Any CPU = Debug|Any CPU
		Release|Any CPU = Release|Any CPU
	EndGlobalSection
	GlobalSection(ProjectConfigurationPlatforms) = postSolution
		{3F9FD60D-5541-401C-BC62-C3A0DC8E6249}.Debug|Any CPU.ActiveCfg = Debug|Any CPU
		{3F9FD60D-5541-401C-BC62-C3A0DC8E6249}.Debug|Any CPU.Build.0 = Debug|Any CPU
		{3F9FD60D-5541-401C-BC62-C3A0DC8E6249}.Release|Any CPU.ActiveCfg = Release|Any CPU
		{3F9FD60D-5541-401C-BC62-C3A0DC8E6249}.Release|Any CPU.Build.0 = Release|Any CPU
	EndGlobalSection
	GlobalSection(SolutionProperties) = preSolution
		HideSolutionNode = FALSE
	EndGlobalSection
	GlobalSection(ExtensibilityGlobals) = postSolution
		SolutionGuid = {B8ED8FE3-599A-4529-A109-39E554C6B71F}
	EndGlobalSection
EndGlobal
