
Microsoft Visual Studio Solution File, Format Version 12.00
# Visual Studio Version 16
VisualStudioVersion = 16.0.30907.101
MinimumVisualStudioVersion = 10.0.40219.1
Project("{FAE04EC0-301F-11D3-BF4B-00C04F79EFBC}") = "lesson3", "lesson3\lesson3.csproj", "{05C8E026-4772-4FF9-A766-B24F6F512D95}"
EndProject
Global
	GlobalSection(SolutionConfigurationPlatforms) = preSolution
		Debug|Any CPU = Debug|Any CPU
		Release|Any CPU = Release|Any CPU
	EndGlobalSection
	GlobalSection(ProjectConfigurationPlatforms) = postSolution
		{05C8E026-4772-4FF9-A766-B24F6F512D95}.Debug|Any CPU.ActiveCfg = Debug|Any CPU
		{05C8E026-4772-4FF9-A766-B24F6F512D95}.Debug|Any CPU.Build.0 = Debug|Any CPU
		{05C8E026-4772-4FF9-A766-B24F6F512D95}.Release|Any CPU.ActiveCfg = Release|Any CPU
		{05C8E026-4772-4FF9-A766-B24F6F512D95}.Release|Any CPU.Build.0 = Release|Any CPU
	EndGlobalSection
	GlobalSection(SolutionProperties) = preSolution
		HideSolutionNode = FALSE
	EndGlobalSection
	GlobalSection(ExtensibilityGlobals) = postSolution
		SolutionGuid = {4F98F5E3-50BB-44CA-B41A-3E695832C2F1}
	EndGlobalSection
EndGlobal
